// !$*UTF8*$!
{
	archiveVersion = 1;
	classes = {
	};
	objectVersion = 48;
	objects = {

/* Begin PBXBuildFile section */
		E6016B21203F84D6009B4B29 /* AppDelegate.swift in Sources */ = {isa = PBXBuildFile; fileRef = E6016B20203F84D6009B4B29 /* AppDelegate.swift */; };
		E6016B23203F84D6009B4B29 /* ViewController.swift in Sources */ = {isa = PBXBuildFile; fileRef = E6016B22203F84D6009B4B29 /* ViewController.swift */; };
		E6016B26203F84D6009B4B29 /* Main.storyboard in Resources */ = {isa = PBXBuildFile; fileRef = E6016B24203F84D6009B4B29 /* Main.storyboard */; };
		E6016B28203F84D6009B4B29 /* Assets.xcassets in Resources */ = {isa = PBXBuildFile; fileRef = E6016B27203F84D6009B4B29 /* Assets.xcassets */; };
		E6016B2B203F84D6009B4B29 /* LaunchScreen.storyboard in Resources */ = {isa = PBXBuildFile; fileRef = E6016B29203F84D6009B4B29 /* LaunchScreen.storyboard */; };
		E6016B36203F84D6009B4B29 /* QuizTests.swift in Sources */ = {isa = PBXBuildFile; fileRef = E6016B35203F84D6009B4B29 /* QuizTests.swift */; };
		E6016B41203F84D6009B4B29 /* QuizUITests.swift in Sources */ = {isa = PBXBuildFile; fileRef = E6016B40203F84D6009B4B29 /* QuizUITests.swift */; };
/* End PBXBuildFile section */

/* Begin PBXContainerItemProxy section */
		E6016B32203F84D6009B4B29 /* PBXContainerItemProxy */ = {
			isa = PBXContainerItemProxy;
			containerPortal = E6016B15203F84D6009B4B29 /* Project object */;
			proxyType = 1;
			remoteGlobalIDString = E6016B1C203F84D6009B4B29;
			remoteInfo = Quiz;
		};
		E6016B3D203F84D6009B4B29 /* PBXContainerItemProxy */ = {
			isa = PBXContainerItemProxy;
			containerPortal = E6016B15203F84D6009B4B29 /* Project object */;
			proxyType = 1;
			remoteGlobalIDString = E6016B1C203F84D6009B4B29;
			remoteInfo = Quiz;
		};
/* End PBXContainerItemProxy section */

/* Begin PBXFileReference section */
		E6016B1D203F84D6009B4B29 /* Quiz.app */ = {isa = PBXFileReference; explicitFileType = wrapper.application; includeInIndex = 0; path = Quiz.app; sourceTree = BUILT_PRODUCTS_DIR; };
		E6016B20203F84D6009B4B29 /* AppDelegate.swift */ = {isa = PBXFileReference; lastKnownFileType = sourcecode.swift; path = AppDelegate.swift; sourceTree = "<group>"; };
		E6016B22203F84D6009B4B29 /* ViewController.swift */ = {isa = PBXFileReference; lastKnownFileType = sourcecode.swift; path = ViewController.swift; sourceTree = "<group>"; };
		E6016B25203F84D6009B4B29 /* Base */ = {isa = PBXFileReference; lastKnownFileType = file.storyboard; name = Base; path = Base.lproj/Main.storyboard; sourceTree = "<group>"; };
		E6016B27203F84D6009B4B29 /* Assets.xcassets */ = {isa = PBXFileReference; lastKnownFileType = folder.assetcatalog; path = Assets.xcassets; sourceTree = "<group>"; };
		E6016B2A203F84D6009B4B29 /* Base */ = {isa = PBXFileReference; lastKnownFileType = file.storyboard; name = Base; path = Base.lproj/LaunchScreen.storyboard; sourceTree = "<group>"; };
		E6016B2C203F84D6009B4B29 /* Info.plist */ = {isa = PBXFileReference; lastKnownFileType = text.plist.xml; path = Info.plist; sourceTree = "<group>"; };
		E6016B31203F84D6009B4B29 /* QuizTests.xctest */ = {isa = PBXFileReference; explicitFileType = wrapper.cfbundle; includeInIndex = 0; path = QuizTests.xctest; sourceTree = BUILT_PRODUCTS_DIR; };
		E6016B35203F84D6009B4B29 /* QuizTests.swift */ = {isa = PBXFileReference; lastKnownFileType = sourcecode.swift; path = QuizTests.swift; sourceTree = "<group>"; };
		E6016B37203F84D6009B4B29 /* Info.plist */ = {isa = PBXFileReference; lastKnownFileType = text.plist.xml; path = Info.plist; sourceTree = "<group>"; };
		E6016B3C203F84D6009B4B29 /* QuizUITests.xctest */ = {isa = PBXFileReference; explicitFileType = wrapper.cfbundle; includeInIndex = 0; path = QuizUITests.xctest; sourceTree = BUILT_PRODUCTS_DIR; };
		E6016B40203F84D6009B4B29 /* QuizUITests.swift */ = {isa = PBXFileReference; lastKnownFileType = sourcecode.swift; path = QuizUITests.swift; sourceTree = "<group>"; };
		E6016B42203F84D6009B4B29 /* Info.plist */ = {isa = PBXFileReference; lastKnownFileType = text.plist.xml; path = Info.plist; sourceTree = "<group>"; };
/* End PBXFileReference section */

/* Begin PBXFrameworksBuildPhase section */
		E6016B1A203F84D6009B4B29 /* Frameworks */ = {
			isa = PBXFrameworksBuildPhase;
			buildActionMask = 2147483647;
			files = (
			);
			runOnlyForDeploymentPostprocessing = 0;
		};
		E6016B2E203F84D6009B4B29 /* Frameworks */ = {
			isa = PBXFrameworksBuildPhase;
			buildActionMask = 2147483647;
			files = (
			);
			runOnlyForDeploymentPostprocessing = 0;
		};
		E6016B39203F84D6009B4B29 /* Frameworks */ = {
			isa = PBXFrameworksBuildPhase;
			buildActionMask = 2147483647;
			files = (
			);
			runOnlyForDeploymentPostprocessing = 0;
		};
/* End PBXFrameworksBuildPhase section */

/* Begin PBXGroup section */
		E6016B14203F84D6009B4B29 = {
			isa = PBXGroup;
			children = (
				E6016B1F203F84D6009B4B29 /* Quiz */,
				E6016B34203F84D6009B4B29 /* QuizTests */,
				E6016B3F203F84D6009B4B29 /* QuizUITests */,
				E6016B1E203F84D6009B4B29 /* Products */,
			);
			sourceTree = "<group>";
		};
		E6016B1E203F84D6009B4B29 /* Products */ = {
			isa = PBXGroup;
			children = (
				E6016B1D203F84D6009B4B29 /* Quiz.app */,
				E6016B31203F84D6009B4B29 /* QuizTests.xctest */,
				E6016B3C203F84D6009B4B29 /* QuizUITests.xctest */,
			);
			name = Products;
			sourceTree = "<group>";
		};
		E6016B1F203F84D6009B4B29 /* Quiz */ = {
			isa = PBXGroup;
			children = (
				E6016B20203F84D6009B4B29 /* AppDelegate.swift */,
				E6016B22203F84D6009B4B29 /* ViewController.swift */,
				E6016B24203F84D6009B4B29 /* Main.storyboard */,
				E6016B27203F84D6009B4B29 /* Assets.xcassets */,
				E6016B29203F84D6009B4B29 /* LaunchScreen.storyboard */,
				E6016B2C203F84D6009B4B29 /* Info.plist */,
			);
			path = Quiz;
			sourceTree = "<group>";
		};
		E6016B34203F84D6009B4B29 /* QuizTests */ = {
			isa = PBXGroup;
			children = (
				E6016B35203F84D6009B4B29 /* QuizTests.swift */,
				E6016B37203F84D6009B4B29 /* Info.plist */,
			);
			path = QuizTests;
			sourceTree = "<group>";
		};
		E6016B3F203F84D6009B4B29 /* QuizUITests */ = {
			isa = PBXGroup;
			children = (
				E6016B40203F84D6009B4B29 /* QuizUITests.swift */,
				E6016B42203F84D6009B4B29 /* Info.plist */,
			);
			path = QuizUITests;
			sourceTree = "<group>";
		};
/* End PBXGroup section */

/* Begin PBXNativeTarget section */
		E6016B1C203F84D6009B4B29 /* Quiz */ = {
			isa = PBXNativeTarget;
			buildConfigurationList = E6016B45203F84D6009B4B29 /* Build configuration list for PBXNativeTarget "Quiz" */;
			buildPhases = (
				E6016B19203F84D6009B4B29 /* Sources */,
				E6016B1A203F84D6009B4B29 /* Frameworks */,
				E6016B1B203F84D6009B4B29 /* Resources */,
			);
			buildRules = (
			);
			dependencies = (
			);
			name = Quiz;
			productName = Quiz;
			productReference = E6016B1D203F84D6009B4B29 /* Quiz.app */;
			productType = "com.apple.product-type.application";
		};
		E6016B30203F84D6009B4B29 /* QuizTests */ = {
			isa = PBXNativeTarget;
			buildConfigurationList = E6016B48203F84D6009B4B29 /* Build configuration list for PBXNativeTarget "QuizTests" */;
			buildPhases = (
				E6016B2D203F84D6009B4B29 /* Sources */,
				E6016B2E203F84D6009B4B29 /* Frameworks */,
				E6016B2F203F84D6009B4B29 /* Resources */,
			);
			buildRules = (
			);
			dependencies = (
				E6016B33203F84D6009B4B29 /* PBXTargetDependency */,
			);
			name = QuizTests;
			productName = QuizTests;
			productReference = E6016B31203F84D6009B4B29 /* QuizTests.xctest */;
			productType = "com.apple.product-type.bundle.unit-test";
		};
		E6016B3B203F84D6009B4B29 /* QuizUITests */ = {
			isa = PBXNativeTarget;
			buildConfigurationList = E6016B4B203F84D6009B4B29 /* Build configuration list for PBXNativeTarget "QuizUITests" */;
			buildPhases = (
				E6016B38203F84D6009B4B29 /* Sources */,
				E6016B39203F84D6009B4B29 /* Frameworks */,
				E6016B3A203F84D6009B4B29 /* Resources */,
			);
			buildRules = (
			);
			dependencies = (
				E6016B3E203F84D6009B4B29 /* PBXTargetDependency */,
			);
			name = QuizUITests;
			productName = QuizUITests;
			productReference = E6016B3C203F84D6009B4B29 /* QuizUITests.xctest */;
			productType = "com.apple.product-type.bundle.ui-testing";
		};
/* End PBXNativeTarget section */

/* Begin PBXProject section */
		E6016B15203F84D6009B4B29 /* Project object */ = {
			isa = PBXProject;
			attributes = {
				LastSwiftUpdateCheck = 0920;
				LastUpgradeCheck = 0920;
				ORGANIZATIONNAME = LearningSwift;
				TargetAttributes = {
					E6016B1C203F84D6009B4B29 = {
						CreatedOnToolsVersion = 9.2;
						ProvisioningStyle = Automatic;
					};
					E6016B30203F84D6009B4B29 = {
						CreatedOnToolsVersion = 9.2;
						ProvisioningStyle = Automatic;
						TestTargetID = E6016B1C203F84D6009B4B29;
					};
					E6016B3B203F84D6009B4B29 = {
						CreatedOnToolsVersion = 9.2;
						ProvisioningStyle = Automatic;
						TestTargetID = E6016B1C203F84D6009B4B29;
					};
				};
			};
			buildConfigurationList = E6016B18203F84D6009B4B29 /* Build configuration list for PBXProject "Quiz" */;
			compatibilityVersion = "Xcode 8.0";
			developmentRegion = en;
			hasScannedForEncodings = 0;
			knownRegions = (
				en,
				Base,
			);
			mainGroup = E6016B14203F84D6009B4B29;
			productRefGroup = E6016B1E203F84D6009B4B29 /* Products */;
			projectDirPath = "";
			projectRoot = "";
			targets = (
				E6016B1C203F84D6009B4B29 /* Quiz */,
				E6016B30203F84D6009B4B29 /* QuizTests */,
				E6016B3B203F84D6009B4B29 /* QuizUITests */,
			);
		};
/* End PBXProject section */

/* Begin PBXResourcesBuildPhase section */
		E6016B1B203F84D6009B4B29 /* Resources */ = {
			isa = PBXResourcesBuildPhase;
			buildActionMask = 2147483647;
			files = (
				E6016B2B203F84D6009B4B29 /* LaunchScreen.storyboard in Resources */,
				E6016B28203F84D6009B4B29 /* Assets.xcassets in Resources */,
				E6016B26203F84D6009B4B29 /* Main.storyboard in Resources */,
			);
			runOnlyForDeploymentPostprocessing = 0;
		};
		E6016B2F203F84D6009B4B29 /* Resources */ = {
			isa = PBXResourcesBuildPhase;
			buildActionMask = 2147483647;
			files = (
			);
			runOnlyForDeploymentPostprocessing = 0;
		};
		E6016B3A203F84D6009B4B29 /* Resources */ = {
			isa = PBXResourcesBuildPhase;
			buildActionMask = 2147483647;
			files = (
			);
			runOnlyForDeploymentPostprocessing = 0;
		};
/* End PBXResourcesBuildPhase section */

/* Begin PBXSourcesBuildPhase section */
		E6016B19203F84D6009B4B29 /* Sources */ = {
			isa = PBXSourcesBuildPhase;
			buildActionMask = 2147483647;
			files = (
				E6016B23203F84D6009B4B29 /* ViewController.swift in Sources */,
				E6016B21203F84D6009B4B29 /* AppDelegate.swift in Sources */,
			);
			runOnlyForDeploymentPostprocessing = 0;
		};
		E6016B2D203F84D6009B4B29 /* Sources */ = {
			isa = PBXSourcesBuildPhase;
			buildActionMask = 2147483647;
			files = (
				E6016B36203F84D6009B4B29 /* QuizTests.swift in Sources */,
			);
			runOnlyForDeploymentPostprocessing = 0;
		};
		E6016B38203F84D6009B4B29 /* Sources */ = {
			isa = PBXSourcesBuildPhase;
			buildActionMask = 2147483647;
			files = (
				E6016B41203F84D6009B4B29 /* QuizUITests.swift in Sources */,
			);
			runOnlyForDeploymentPostprocessing = 0;
		};
/* End PBXSourcesBuildPhase section */

/* Begin PBXTargetDependency section */
		E6016B33203F84D6009B4B29 /* PBXTargetDependency */ = {
			isa = PBXTargetDependency;
			target = E6016B1C203F84D6009B4B29 /* Quiz */;
			targetProxy = E6016B32203F84D6009B4B29 /* PBXContainerItemProxy */;
		};
		E6016B3E203F84D6009B4B29 /* PBXTargetDependency */ = {
			isa = PBXTargetDependency;
			target = E6016B1C203F84D6009B4B29 /* Quiz */;
			targetProxy = E6016B3D203F84D6009B4B29 /* PBXContainerItemProxy */;
		};
/* End PBXTargetDependency section */

/* Begin PBXVariantGroup section */
		E6016B24203F84D6009B4B29 /* Main.storyboard */ = {
			isa = PBXVariantGroup;
			children = (
				E6016B25203F84D6009B4B29 /* Base */,
			);
			name = Main.storyboard;
			sourceTree = "<group>";
		};
		E6016B29203F84D6009B4B29 /* LaunchScreen.storyboard */ = {
			isa = PBXVariantGroup;
			children = (
				E6016B2A203F84D6009B4B29 /* Base */,
			);
			name = LaunchScreen.storyboard;
			sourceTree = "<group>";
		};
/* End PBXVariantGroup section */

/* Begin XCBuildConfiguration section */
		E6016B43203F84D6009B4B29 /* Debug */ = {
			isa = XCBuildConfiguration;
			buildSettings = {
				ALWAYS_SEARCH_USER_PATHS = NO;
				CLANG_ANALYZER_NONNULL = YES;
				CLANG_ANALYZER_NUMBER_OBJECT_CONVERSION = YES_AGGRESSIVE;
				CLANG_CXX_LANGUAGE_STANDARD = "gnu++14";
				CLANG_CXX_LIBRARY = "libc++";
				CLANG_ENABLE_MODULES = YES;
				CLANG_ENABLE_OBJC_ARC = YES;
				CLANG_WARN_BLOCK_CAPTURE_AUTORELEASING = YES;
				CLANG_WARN_BOOL_CONVERSION = YES;
				CLANG_WARN_COMMA = YES;
				CLANG_WARN_CONSTANT_CONVERSION = YES;
				CLANG_WARN_DIRECT_OBJC_ISA_USAGE = YES_ERROR;
				CLANG_WARN_DOCUMENTATION_COMMENTS = YES;
				CLANG_WARN_EMPTY_BODY = YES;
				CLANG_WARN_ENUM_CONVERSION = YES;
				CLANG_WARN_INFINITE_RECURSION = YES;
				CLANG_WARN_INT_CONVERSION = YES;
				CLANG_WARN_NON_LITERAL_NULL_CONVERSION = YES;
				CLANG_WARN_OBJC_LITERAL_CONVERSION = YES;
				CLANG_WARN_OBJC_ROOT_CLASS = YES_ERROR;
				CLANG_WARN_RANGE_LOOP_ANALYSIS = YES;
				CLANG_WARN_STRICT_PROTOTYPES = YES;
				CLANG_WARN_SUSPICIOUS_MOVE = YES;
				CLANG_WARN_UNGUARDED_AVAILABILITY = YES_AGGRESSIVE;
				CLANG_WARN_UNREACHABLE_CODE = YES;
				CLANG_WARN__DUPLICATE_METHOD_MATCH = YES;
				CODE_SIGN_IDENTITY = "iPhone Developer";
				COPY_PHASE_STRIP = NO;
				DEBUG_INFORMATION_FORMAT = dwarf;
				ENABLE_STRICT_OBJC_MSGSEND = YES;
				ENABLE_TESTABILITY = YES;
				GCC_C_LANGUAGE_STANDARD = gnu11;
				GCC_DYNAMIC_NO_PIC = NO;
				GCC_NO_COMMON_BLOCKS = YES;
				GCC_OPTIMIZATION_LEVEL = 0;
				GCC_PREPROCESSOR_DEFINITIONS = (
					"DEBUG=1",
					"$(inherited)",
				);
				GCC_WARN_64_TO_32_BIT_CONVERSION = YES;
				GCC_WARN_ABOUT_RETURN_TYPE = YES_ERROR;
				GCC_WARN_UNDECLARED_SELECTOR = YES;
				GCC_WARN_UNINITIALIZED_AUTOS = YES_AGGRESSIVE;
				GCC_WARN_UNUSED_FUNCTION = YES;
				GCC_WARN_UNUSED_VARIABLE = YES;
				IPHONEOS_DEPLOYMENT_TARGET = 11.2;
				MTL_ENABLE_DEBUG_INFO = YES;
				ONLY_ACTIVE_ARCH = YES;
				SDKROOT = iphoneos;
				SWIFT_ACTIVE_COMPILATION_CONDITIONS = DEBUG;
				SWIFT_OPTIMIZATION_LEVEL = "-Onone";
			};
			name = Debug;
		};
		E6016B44203F84D6009B4B29 /* Release */ = {
			isa = XCBuildConfiguration;
			buildSettings = {
				ALWAYS_SEARCH_USER_PATHS = NO;
				CLANG_ANALYZER_NONNULL = YES;
				CLANG_ANALYZER_NUMBER_OBJECT_CONVERSION = YES_AGGRESSIVE;
				CLANG_CXX_LANGUAGE_STANDARD = "gnu++14";
				CLANG_CXX_LIBRARY = "libc++";
				CLANG_ENABLE_MODULES = YES;
				CLANG_ENABLE_OBJC_ARC = YES;
				CLANG_WARN_BLOCK_CAPTURE_AUTORELEASING = YES;
				CLANG_WARN_BOOL_CONVERSION = YES;
				CLANG_WARN_COMMA = YES;
				CLANG_WARN_CONSTANT_CONVERSION = YES;
				CLANG_WARN_DIRECT_OBJC_ISA_USAGE = YES_ERROR;
				CLANG_WARN_DOCUMENTATION_COMMENTS = YES;
				CLANG_WARN_EMPTY_BODY = YES;
				CLANG_WARN_ENUM_CONVERSION = YES;
				CLANG_WARN_INFINITE_RECURSION = YES;
				CLANG_WARN_INT_CONVERSION = YES;
				CLANG_WARN_NON_LITERAL_NULL_CONVERSION = YES;
				CLANG_WARN_OBJC_LITERAL_CONVERSION = YES;
				CLANG_WARN_OBJC_ROOT_CLASS = YES_ERROR;
				CLANG_WARN_RANGE_LOOP_ANALYSIS = YES;
				CLANG_WARN_STRICT_PROTOTYPES = YES;
				CLANG_WARN_SUSPICIOUS_MOVE = YES;
				CLANG_WARN_UNGUARDED_AVAILABILITY = YES_AGGRESSIVE;
				CLANG_WARN_UNREACHABLE_CODE = YES;
				CLANG_WARN__DUPLICATE_METHOD_MATCH = YES;
				CODE_SIGN_IDENTITY = "iPhone Developer";
				COPY_PHASE_STRIP = NO;
				DEBUG_INFORMATION_FORMAT = "dwarf-with-dsym";
				ENABLE_NS_ASSERTIONS = NO;
				ENABLE_STRICT_OBJC_MSGSEND = YES;
				GCC_C_LANGUAGE_STANDARD = gnu11;
				GCC_NO_COMMON_BLOCKS = YES;
				GCC_WARN_64_TO_32_BIT_CONVERSION = YES;
				GCC_WARN_ABOUT_RETURN_TYPE = YES_ERROR;
				GCC_WARN_UNDECLARED_SELECTOR = YES;
				GCC_WARN_UNINITIALIZED_AUTOS = YES_AGGRESSIVE;
				GCC_WARN_UNUSED_FUNCTION = YES;
				GCC_WARN_UNUSED_VARIABLE = YES;
				IPHONEOS_DEPLOYMENT_TARGET = 11.2;
				MTL_ENABLE_DEBUG_INFO = NO;
				SDKROOT = iphoneos;
				SWIFT_OPTIMIZATION_LEVEL = "-Owholemodule";
				VALIDATE_PRODUCT = YES;
			};
			name = Release;
		};
		E6016B46203F84D6009B4B29 /* Debug */ = {
			isa = XCBuildConfiguration;
			buildSettings = {
				ASSETCATALOG_COMPILER_APPICON_NAME = AppIcon;
				CODE_SIGN_STYLE = Automatic;
				INFOPLIST_FILE = Quiz/Info.plist;
				LD_RUNPATH_SEARCH_PATHS = "$(inherited) @executable_path/Frameworks";
				PRODUCT_BUNDLE_IDENTIFIER = LearningSwift.Quiz;
				PRODUCT_NAME = "$(TARGET_NAME)";
				SWIFT_VERSION = 4.0;
				TARGETED_DEVICE_FAMILY = "1,2";
			};
			name = Debug;
		};
		E6016B47203F84D6009B4B29 /* Release */ = {
			isa = XCBuildConfiguration;
			buildSettings = {
				ASSETCATALOG_COMPILER_APPICON_NAME = AppIcon;
				CODE_SIGN_STYLE = Automatic;
				INFOPLIST_FILE = Quiz/Info.plist;
				LD_RUNPATH_SEARCH_PATHS = "$(inherited) @executable_path/Frameworks";
				PRODUCT_BUNDLE_IDENTIFIER = LearningSwift.Quiz;
				PRODUCT_NAME = "$(TARGET_NAME)";
				SWIFT_VERSION = 4.0;
				TARGETED_DEVICE_FAMILY = "1,2";
			};
			name = Release;
		};
		E6016B49203F84D6009B4B29 /* Debug */ = {
			isa = XCBuildConfiguration;
			buildSettings = {
				ALWAYS_EMBED_SWIFT_STANDARD_LIBRARIES = YES;
				BUNDLE_LOADER = "$(TEST_HOST)";
				CODE_SIGN_STYLE = Automatic;
				INFOPLIST_FILE = QuizTests/Info.plist;
				LD_RUNPATH_SEARCH_PATHS = "$(inherited) @executable_path/Frameworks @loader_path/Frameworks";
				PRODUCT_BUNDLE_IDENTIFIER = LearningSwift.QuizTests;
				PRODUCT_NAME = "$(TARGET_NAME)";
				SWIFT_VERSION = 4.0;
				TARGETED_DEVICE_FAMILY = "1,2";
				TEST_HOST = "$(BUILT_PRODUCTS_DIR)/Quiz.app/Quiz";
			};
			name = Debug;
		};
		E6016B4A203F84D6009B4B29 /* Release */ = {
			isa = XCBuildConfiguration;
			buildSettings = {
				ALWAYS_EMBED_SWIFT_STANDARD_LIBRARIES = YES;
				BUNDLE_LOADER = "$(TEST_HOST)";
				CODE_SIGN_STYLE = Automatic;
				INFOPLIST_FILE = QuizTests/Info.plist;
				LD_RUNPATH_SEARCH_PATHS = "$(inherited) @executable_path/Frameworks @loader_path/Frameworks";
				PRODUCT_BUNDLE_IDENTIFIER = LearningSwift.QuizTests;
				PRODUCT_NAME = "$(TARGET_NAME)";
				SWIFT_VERSION = 4.0;
				TARGETED_DEVICE_FAMILY = "1,2";
				TEST_HOST = "$(BUILT_PRODUCTS_DIR)/Quiz.app/Quiz";
			};
			name = Release;
		};
		E6016B4C203F84D6009B4B29 /* Debug */ = {
			isa = XCBuildConfiguration;
			buildSettings = {
				ALWAYS_EMBED_SWIFT_STANDARD_LIBRARIES = YES;
				CODE_SIGN_STYLE = Automatic;
				INFOPLIST_FILE = QuizUITests/Info.plist;
				LD_RUNPATH_SEARCH_PATHS = "$(inherited) @executable_path/Frameworks @loader_path/Frameworks";
				PRODUCT_BUNDLE_IDENTIFIER = LearningSwift.QuizUITests;
				PRODUCT_NAME = "$(TARGET_NAME)";
				SWIFT_VERSION = 4.0;
				TARGETED_DEVICE_FAMILY = "1,2";
				TEST_TARGET_NAME = Quiz;
			};
			name = Debug;
		};
		E6016B4D203F84D6009B4B29 /* Release */ = {
			isa = XCBuildConfiguration;
			buildSettings = {
				ALWAYS_EMBED_SWIFT_STANDARD_LIBRARIES = YES;
				CODE_SIGN_STYLE = Automatic;
				INFOPLIST_FILE = QuizUITests/Info.plist;
				LD_RUNPATH_SEARCH_PATHS = "$(inherited) @executable_path/Frameworks @loader_path/Frameworks";
				PRODUCT_BUNDLE_IDENTIFIER = LearningSwift.QuizUITests;
				PRODUCT_NAME = "$(TARGET_NAME)";
				SWIFT_VERSION = 4.0;
				TARGETED_DEVICE_FAMILY = "1,2";
				TEST_TARGET_NAME = Quiz;
			};
			name = Release;
		};
/* End XCBuildConfiguration section */

/* Begin XCConfigurationList section */
		E6016B18203F84D6009B4B29 /* Build configuration list for PBXProject "Quiz" */ = {
			isa = XCConfigurationList;
			buildConfigurations = (
				E6016B43203F84D6009B4B29 /* Debug */,
				E6016B44203F84D6009B4B29 /* Release */,
			);
			defaultConfigurationIsVisible = 0;
			defaultConfigurationName = Release;
		};
		E6016B45203F84D6009B4B29 /* Build configuration list for PBXNativeTarget "Quiz" */ = {
			isa = XCConfigurationList;
			buildConfigurations = (
				E6016B46203F84D6009B4B29 /* Debug */,
				E6016B47203F84D6009B4B29 /* Release */,
			);
			defaultConfigurationIsVisible = 0;
			defaultConfigurationName = Release;
		};
		E6016B48203F84D6009B4B29 /* Build configuration list for PBXNativeTarget "QuizTests" */ = {
			isa = XCConfigurationList;
			buildConfigurations = (
				E6016B49203F84D6009B4B29 /* Debug */,
				E6016B4A203F84D6009B4B29 /* Release */,
			);
			defaultConfigurationIsVisible = 0;
			defaultConfigurationName = Release;
		};
		E6016B4B203F84D6009B4B29 /* Build configuration list for PBXNativeTarget "QuizUITests" */ = {
			isa = XCConfigurationList;
			buildConfigurations = (
				E6016B4C203F84D6009B4B29 /* Debug */,
				E6016B4D203F84D6009B4B29 /* Release */,
			);
			defaultConfigurationIsVisible = 0;
			defaultConfigurationName = Release;
		};
/* End XCConfigurationList section */
	};
	rootObject = E6016B15203F84D6009B4B29 /* Project object */;
}
