// !$*UTF8*$!
{
	archiveVersion = 1;
	classes = {
	};
	objectVersion = 48;
	objects = {

/* Begin PBXBuildFile section */
		E6382245205094390088E7E7 /* AppDelegate.swift in Sources */ = {isa = PBXBuildFile; fileRef = E6382244205094390088E7E7 /* AppDelegate.swift */; };
		E638224A205094390088E7E7 /* Main.storyboard in Resources */ = {isa = PBXBuildFile; fileRef = E6382248205094390088E7E7 /* Main.storyboard */; };
		E638224C205094390088E7E7 /* Assets.xcassets in Resources */ = {isa = PBXBuildFile; fileRef = E638224B205094390088E7E7 /* Assets.xcassets */; };
		E638224F205094390088E7E7 /* LaunchScreen.storyboard in Resources */ = {isa = PBXBuildFile; fileRef = E638224D205094390088E7E7 /* LaunchScreen.storyboard */; };
		E638225A205094390088E7E7 /* WorldTrotterTests.swift in Sources */ = {isa = PBXBuildFile; fileRef = E6382259205094390088E7E7 /* WorldTrotterTests.swift */; };
		E6382265205094390088E7E7 /* WorldTrotterUITests.swift in Sources */ = {isa = PBXBuildFile; fileRef = E6382264205094390088E7E7 /* WorldTrotterUITests.swift */; };
		E64B40D320698F9900CC764A /* MapKit.framework in Frameworks */ = {isa = PBXBuildFile; fileRef = E64B40D220698F9900CC764A /* MapKit.framework */; settings = {ATTRIBUTES = (Required, ); }; };
		E6C5EA762069D240008BA214 /* MapViewController.swift in Sources */ = {isa = PBXBuildFile; fileRef = E6C5EA752069D240008BA214 /* MapViewController.swift */; };
		E6D05EEA2051C6C20089D956 /* ConversionViewController.swift in Sources */ = {isa = PBXBuildFile; fileRef = E6D05EE92051C6C20089D956 /* ConversionViewController.swift */; };
/* End PBXBuildFile section */

/* Begin PBXContainerItemProxy section */
		E6382256205094390088E7E7 /* PBXContainerItemProxy */ = {
			isa = PBXContainerItemProxy;
			containerPortal = E6382239205094390088E7E7 /* Project object */;
			proxyType = 1;
			remoteGlobalIDString = E6382240205094390088E7E7;
			remoteInfo = WorldTrotter;
		};
		E6382261205094390088E7E7 /* PBXContainerItemProxy */ = {
			isa = PBXContainerItemProxy;
			containerPortal = E6382239205094390088E7E7 /* Project object */;
			proxyType = 1;
			remoteGlobalIDString = E6382240205094390088E7E7;
			remoteInfo = WorldTrotter;
		};
/* End PBXContainerItemProxy section */

/* Begin PBXFileReference section */
		E6382241205094390088E7E7 /* WorldTrotter.app */ = {isa = PBXFileReference; explicitFileType = wrapper.application; includeInIndex = 0; path = WorldTrotter.app; sourceTree = BUILT_PRODUCTS_DIR; };
		E6382244205094390088E7E7 /* AppDelegate.swift */ = {isa = PBXFileReference; lastKnownFileType = sourcecode.swift; path = AppDelegate.swift; sourceTree = "<group>"; };
		E6382249205094390088E7E7 /* Base */ = {isa = PBXFileReference; lastKnownFileType = file.storyboard; name = Base; path = Base.lproj/Main.storyboard; sourceTree = "<group>"; };
		E638224B205094390088E7E7 /* Assets.xcassets */ = {isa = PBXFileReference; lastKnownFileType = folder.assetcatalog; path = Assets.xcassets; sourceTree = "<group>"; };
		E638224E205094390088E7E7 /* Base */ = {isa = PBXFileReference; lastKnownFileType = file.storyboard; name = Base; path = Base.lproj/LaunchScreen.storyboard; sourceTree = "<group>"; };
		E6382250205094390088E7E7 /* Info.plist */ = {isa = PBXFileReference; lastKnownFileType = text.plist.xml; path = Info.plist; sourceTree = "<group>"; };
		E6382255205094390088E7E7 /* WorldTrotterTests.xctest */ = {isa = PBXFileReference; explicitFileType = wrapper.cfbundle; includeInIndex = 0; path = WorldTrotterTests.xctest; sourceTree = BUILT_PRODUCTS_DIR; };
		E6382259205094390088E7E7 /* WorldTrotterTests.swift */ = {isa = PBXFileReference; lastKnownFileType = sourcecode.swift; path = WorldTrotterTests.swift; sourceTree = "<group>"; };
		E638225B205094390088E7E7 /* Info.plist */ = {isa = PBXFileReference; lastKnownFileType = text.plist.xml; path = Info.plist; sourceTree = "<group>"; };
		E6382260205094390088E7E7 /* WorldTrotterUITests.xctest */ = {isa = PBXFileReference; explicitFileType = wrapper.cfbundle; includeInIndex = 0; path = WorldTrotterUITests.xctest; sourceTree = BUILT_PRODUCTS_DIR; };
		E6382264205094390088E7E7 /* WorldTrotterUITests.swift */ = {isa = PBXFileReference; lastKnownFileType = sourcecode.swift; path = WorldTrotterUITests.swift; sourceTree = "<group>"; };
		E6382266205094390088E7E7 /* Info.plist */ = {isa = PBXFileReference; lastKnownFileType = text.plist.xml; path = Info.plist; sourceTree = "<group>"; };
		E64B40D220698F9900CC764A /* MapKit.framework */ = {isa = PBXFileReference; lastKnownFileType = wrapper.framework; name = MapKit.framework; path = System/Library/Frameworks/MapKit.framework; sourceTree = SDKROOT; };
		E6C5EA752069D240008BA214 /* MapViewController.swift */ = {isa = PBXFileReference; lastKnownFileType = sourcecode.swift; path = MapViewController.swift; sourceTree = "<group>"; };
		E6D05EE92051C6C20089D956 /* ConversionViewController.swift */ = {isa = PBXFileReference; lastKnownFileType = sourcecode.swift; path = ConversionViewController.swift; sourceTree = "<group>"; };
/* End PBXFileReference section */

/* Begin PBXFrameworksBuildPhase section */
		E638223E205094390088E7E7 /* Frameworks */ = {
			isa = PBXFrameworksBuildPhase;
			buildActionMask = 2147483647;
			files = (
				E64B40D320698F9900CC764A /* MapKit.framework in Frameworks */,
			);
			runOnlyForDeploymentPostprocessing = 0;
		};
		E6382252205094390088E7E7 /* Frameworks */ = {
			isa = PBXFrameworksBuildPhase;
			buildActionMask = 2147483647;
			files = (
			);
			runOnlyForDeploymentPostprocessing = 0;
		};
		E638225D205094390088E7E7 /* Frameworks */ = {
			isa = PBXFrameworksBuildPhase;
			buildActionMask = 2147483647;
			files = (
			);
			runOnlyForDeploymentPostprocessing = 0;
		};
/* End PBXFrameworksBuildPhase section */

/* Begin PBXGroup section */
		E6382238205094390088E7E7 = {
			isa = PBXGroup;
			children = (
				E6382243205094390088E7E7 /* WorldTrotter */,
				E6382258205094390088E7E7 /* WorldTrotterTests */,
				E6382263205094390088E7E7 /* WorldTrotterUITests */,
				E6382242205094390088E7E7 /* Products */,
				E64B40D120698F9800CC764A /* Frameworks */,
			);
			sourceTree = "<group>";
		};
		E6382242205094390088E7E7 /* Products */ = {
			isa = PBXGroup;
			children = (
				E6382241205094390088E7E7 /* WorldTrotter.app */,
				E6382255205094390088E7E7 /* WorldTrotterTests.xctest */,
				E6382260205094390088E7E7 /* WorldTrotterUITests.xctest */,
			);
			name = Products;
			sourceTree = "<group>";
		};
		E6382243205094390088E7E7 /* WorldTrotter */ = {
			isa = PBXGroup;
			children = (
				E6D05EE92051C6C20089D956 /* ConversionViewController.swift */,
				E6C5EA752069D240008BA214 /* MapViewController.swift */,
				E6382244205094390088E7E7 /* AppDelegate.swift */,
				E6382248205094390088E7E7 /* Main.storyboard */,
				E638224B205094390088E7E7 /* Assets.xcassets */,
				E638224D205094390088E7E7 /* LaunchScreen.storyboard */,
				E6382250205094390088E7E7 /* Info.plist */,
			);
			path = WorldTrotter;
			sourceTree = "<group>";
		};
		E6382258205094390088E7E7 /* WorldTrotterTests */ = {
			isa = PBXGroup;
			children = (
				E6382259205094390088E7E7 /* WorldTrotterTests.swift */,
				E638225B205094390088E7E7 /* Info.plist */,
			);
			path = WorldTrotterTests;
			sourceTree = "<group>";
		};
		E6382263205094390088E7E7 /* WorldTrotterUITests */ = {
			isa = PBXGroup;
			children = (
				E6382264205094390088E7E7 /* WorldTrotterUITests.swift */,
				E6382266205094390088E7E7 /* Info.plist */,
			);
			path = WorldTrotterUITests;
			sourceTree = "<group>";
		};
		E64B40D120698F9800CC764A /* Frameworks */ = {
			isa = PBXGroup;
			children = (
				E64B40D220698F9900CC764A /* MapKit.framework */,
			);
			name = Frameworks;
			sourceTree = "<group>";
		};
/* End PBXGroup section */

/* Begin PBXNativeTarget section */
		E6382240205094390088E7E7 /* WorldTrotter */ = {
			isa = PBXNativeTarget;
			buildConfigurationList = E6382269205094390088E7E7 /* Build configuration list for PBXNativeTarget "WorldTrotter" */;
			buildPhases = (
				E638223D205094390088E7E7 /* Sources */,
				E638223E205094390088E7E7 /* Frameworks */,
				E638223F205094390088E7E7 /* Resources */,
			);
			buildRules = (
			);
			dependencies = (
			);
			name = WorldTrotter;
			productName = WorldTrotter;
			productReference = E6382241205094390088E7E7 /* WorldTrotter.app */;
			productType = "com.apple.product-type.application";
		};
		E6382254205094390088E7E7 /* WorldTrotterTests */ = {
			isa = PBXNativeTarget;
			buildConfigurationList = E638226C205094390088E7E7 /* Build configuration list for PBXNativeTarget "WorldTrotterTests" */;
			buildPhases = (
				E6382251205094390088E7E7 /* Sources */,
				E6382252205094390088E7E7 /* Frameworks */,
				E6382253205094390088E7E7 /* Resources */,
			);
			buildRules = (
			);
			dependencies = (
				E6382257205094390088E7E7 /* PBXTargetDependency */,
			);
			name = WorldTrotterTests;
			productName = WorldTrotterTests;
			productReference = E6382255205094390088E7E7 /* WorldTrotterTests.xctest */;
			productType = "com.apple.product-type.bundle.unit-test";
		};
		E638225F205094390088E7E7 /* WorldTrotterUITests */ = {
			isa = PBXNativeTarget;
			buildConfigurationList = E638226F205094390088E7E7 /* Build configuration list for PBXNativeTarget "WorldTrotterUITests" */;
			buildPhases = (
				E638225C205094390088E7E7 /* Sources */,
				E638225D205094390088E7E7 /* Frameworks */,
				E638225E205094390088E7E7 /* Resources */,
			);
			buildRules = (
			);
			dependencies = (
				E6382262205094390088E7E7 /* PBXTargetDependency */,
			);
			name = WorldTrotterUITests;
			productName = WorldTrotterUITests;
			productReference = E6382260205094390088E7E7 /* WorldTrotterUITests.xctest */;
			productType = "com.apple.product-type.bundle.ui-testing";
		};
/* End PBXNativeTarget section */

/* Begin PBXProject section */
		E6382239205094390088E7E7 /* Project object */ = {
			isa = PBXProject;
			attributes = {
				LastSwiftUpdateCheck = 0920;
				LastUpgradeCheck = 0920;
				ORGANIZATIONNAME = LearningSwift;
				TargetAttributes = {
					E6382240205094390088E7E7 = {
						CreatedOnToolsVersion = 9.2;
						ProvisioningStyle = Automatic;
					};
					E6382254205094390088E7E7 = {
						CreatedOnToolsVersion = 9.2;
						ProvisioningStyle = Automatic;
						TestTargetID = E6382240205094390088E7E7;
					};
					E638225F205094390088E7E7 = {
						CreatedOnToolsVersion = 9.2;
						ProvisioningStyle = Automatic;
						TestTargetID = E6382240205094390088E7E7;
					};
				};
			};
			buildConfigurationList = E638223C205094390088E7E7 /* Build configuration list for PBXProject "WorldTrotter" */;
			compatibilityVersion = "Xcode 8.0";
			developmentRegion = en;
			hasScannedForEncodings = 0;
			knownRegions = (
				en,
				Base,
			);
			mainGroup = E6382238205094390088E7E7;
			productRefGroup = E6382242205094390088E7E7 /* Products */;
			projectDirPath = "";
			projectRoot = "";
			targets = (
				E6382240205094390088E7E7 /* WorldTrotter */,
				E6382254205094390088E7E7 /* WorldTrotterTests */,
				E638225F205094390088E7E7 /* WorldTrotterUITests */,
			);
		};
/* End PBXProject section */

/* Begin PBXResourcesBuildPhase section */
		E638223F205094390088E7E7 /* Resources */ = {
			isa = PBXResourcesBuildPhase;
			buildActionMask = 2147483647;
			files = (
				E638224F205094390088E7E7 /* LaunchScreen.storyboard in Resources */,
				E638224C205094390088E7E7 /* Assets.xcassets in Resources */,
				E638224A205094390088E7E7 /* Main.storyboard in Resources */,
			);
			runOnlyForDeploymentPostprocessing = 0;
		};
		E6382253205094390088E7E7 /* Resources */ = {
			isa = PBXResourcesBuildPhase;
			buildActionMask = 2147483647;
			files = (
			);
			runOnlyForDeploymentPostprocessing = 0;
		};
		E638225E205094390088E7E7 /* Resources */ = {
			isa = PBXResourcesBuildPhase;
			buildActionMask = 2147483647;
			files = (
			);
			runOnlyForDeploymentPostprocessing = 0;
		};
/* End PBXResourcesBuildPhase section */

/* Begin PBXSourcesBuildPhase section */
		E638223D205094390088E7E7 /* Sources */ = {
			isa = PBXSourcesBuildPhase;
			buildActionMask = 2147483647;
			files = (
				E6D05EEA2051C6C20089D956 /* ConversionViewController.swift in Sources */,
				E6C5EA762069D240008BA214 /* MapViewController.swift in Sources */,
				E6382245205094390088E7E7 /* AppDelegate.swift in Sources */,
			);
			runOnlyForDeploymentPostprocessing = 0;
		};
		E6382251205094390088E7E7 /* Sources */ = {
			isa = PBXSourcesBuildPhase;
			buildActionMask = 2147483647;
			files = (
				E638225A205094390088E7E7 /* WorldTrotterTests.swift in Sources */,
			);
			runOnlyForDeploymentPostprocessing = 0;
		};
		E638225C205094390088E7E7 /* Sources */ = {
			isa = PBXSourcesBuildPhase;
			buildActionMask = 2147483647;
			files = (
				E6382265205094390088E7E7 /* WorldTrotterUITests.swift in Sources */,
			);
			runOnlyForDeploymentPostprocessing = 0;
		};
/* End PBXSourcesBuildPhase section */

/* Begin PBXTargetDependency section */
		E6382257205094390088E7E7 /* PBXTargetDependency */ = {
			isa = PBXTargetDependency;
			target = E6382240205094390088E7E7 /* WorldTrotter */;
			targetProxy = E6382256205094390088E7E7 /* PBXContainerItemProxy */;
		};
		E6382262205094390088E7E7 /* PBXTargetDependency */ = {
			isa = PBXTargetDependency;
			target = E6382240205094390088E7E7 /* WorldTrotter */;
			targetProxy = E6382261205094390088E7E7 /* PBXContainerItemProxy */;
		};
/* End PBXTargetDependency section */

/* Begin PBXVariantGroup section */
		E6382248205094390088E7E7 /* Main.storyboard */ = {
			isa = PBXVariantGroup;
			children = (
				E6382249205094390088E7E7 /* Base */,
			);
			name = Main.storyboard;
			sourceTree = "<group>";
		};
		E638224D205094390088E7E7 /* LaunchScreen.storyboard */ = {
			isa = PBXVariantGroup;
			children = (
				E638224E205094390088E7E7 /* Base */,
			);
			name = LaunchScreen.storyboard;
			sourceTree = "<group>";
		};
/* End PBXVariantGroup section */

/* Begin XCBuildConfiguration section */
		E6382267205094390088E7E7 /* Debug */ = {
			isa = XCBuildConfiguration;
			buildSettings = {
				ALWAYS_SEARCH_USER_PATHS = NO;
				CLANG_ANALYZER_NONNULL = YES;
				CLANG_ANALYZER_NUMBER_OBJECT_CONVERSION = YES_AGGRESSIVE;
				CLANG_CXX_LANGUAGE_STANDARD = "gnu++14";
				CLANG_CXX_LIBRARY = "libc++";
				CLANG_ENABLE_MODULES = YES;
				CLANG_ENABLE_OBJC_ARC = YES;
				CLANG_WARN_BLOCK_CAPTURE_AUTORELEASING = YES;
				CLANG_WARN_BOOL_CONVERSION = YES;
				CLANG_WARN_COMMA = YES;
				CLANG_WARN_CONSTANT_CONVERSION = YES;
				CLANG_WARN_DIRECT_OBJC_ISA_USAGE = YES_ERROR;
				CLANG_WARN_DOCUMENTATION_COMMENTS = YES;
				CLANG_WARN_EMPTY_BODY = YES;
				CLANG_WARN_ENUM_CONVERSION = YES;
				CLANG_WARN_INFINITE_RECURSION = YES;
				CLANG_WARN_INT_CONVERSION = YES;
				CLANG_WARN_NON_LITERAL_NULL_CONVERSION = YES;
				CLANG_WARN_OBJC_LITERAL_CONVERSION = YES;
				CLANG_WARN_OBJC_ROOT_CLASS = YES_ERROR;
				CLANG_WARN_RANGE_LOOP_ANALYSIS = YES;
				CLANG_WARN_STRICT_PROTOTYPES = YES;
				CLANG_WARN_SUSPICIOUS_MOVE = YES;
				CLANG_WARN_UNGUARDED_AVAILABILITY = YES_AGGRESSIVE;
				CLANG_WARN_UNREACHABLE_CODE = YES;
				CLANG_WARN__DUPLICATE_METHOD_MATCH = YES;
				CODE_SIGN_IDENTITY = "iPhone Developer";
				COPY_PHASE_STRIP = NO;
				DEBUG_INFORMATION_FORMAT = dwarf;
				ENABLE_STRICT_OBJC_MSGSEND = YES;
				ENABLE_TESTABILITY = YES;
				GCC_C_LANGUAGE_STANDARD = gnu11;
				GCC_DYNAMIC_NO_PIC = NO;
				GCC_NO_COMMON_BLOCKS = YES;
				GCC_OPTIMIZATION_LEVEL = 0;
				GCC_PREPROCESSOR_DEFINITIONS = (
					"DEBUG=1",
					"$(inherited)",
				);
				GCC_WARN_64_TO_32_BIT_CONVERSION = YES;
				GCC_WARN_ABOUT_RETURN_TYPE = YES_ERROR;
				GCC_WARN_UNDECLARED_SELECTOR = YES;
				GCC_WARN_UNINITIALIZED_AUTOS = YES_AGGRESSIVE;
				GCC_WARN_UNUSED_FUNCTION = YES;
				GCC_WARN_UNUSED_VARIABLE = YES;
				IPHONEOS_DEPLOYMENT_TARGET = 11.2;
				MTL_ENABLE_DEBUG_INFO = YES;
				ONLY_ACTIVE_ARCH = YES;
				SDKROOT = iphoneos;
				SWIFT_ACTIVE_COMPILATION_CONDITIONS = DEBUG;
				SWIFT_OPTIMIZATION_LEVEL = "-Onone";
			};
			name = Debug;
		};
		E6382268205094390088E7E7 /* Release */ = {
			isa = XCBuildConfiguration;
			buildSettings = {
				ALWAYS_SEARCH_USER_PATHS = NO;
				CLANG_ANALYZER_NONNULL = YES;
				CLANG_ANALYZER_NUMBER_OBJECT_CONVERSION = YES_AGGRESSIVE;
				CLANG_CXX_LANGUAGE_STANDARD = "gnu++14";
				CLANG_CXX_LIBRARY = "libc++";
				CLANG_ENABLE_MODULES = YES;
				CLANG_ENABLE_OBJC_ARC = YES;
				CLANG_WARN_BLOCK_CAPTURE_AUTORELEASING = YES;
				CLANG_WARN_BOOL_CONVERSION = YES;
				CLANG_WARN_COMMA = YES;
				CLANG_WARN_CONSTANT_CONVERSION = YES;
				CLANG_WARN_DIRECT_OBJC_ISA_USAGE = YES_ERROR;
				CLANG_WARN_DOCUMENTATION_COMMENTS = YES;
				CLANG_WARN_EMPTY_BODY = YES;
				CLANG_WARN_ENUM_CONVERSION = YES;
				CLANG_WARN_INFINITE_RECURSION = YES;
				CLANG_WARN_INT_CONVERSION = YES;
				CLANG_WARN_NON_LITERAL_NULL_CONVERSION = YES;
				CLANG_WARN_OBJC_LITERAL_CONVERSION = YES;
				CLANG_WARN_OBJC_ROOT_CLASS = YES_ERROR;
				CLANG_WARN_RANGE_LOOP_ANALYSIS = YES;
				CLANG_WARN_STRICT_PROTOTYPES = YES;
				CLANG_WARN_SUSPICIOUS_MOVE = YES;
				CLANG_WARN_UNGUARDED_AVAILABILITY = YES_AGGRESSIVE;
				CLANG_WARN_UNREACHABLE_CODE = YES;
				CLANG_WARN__DUPLICATE_METHOD_MATCH = YES;
				CODE_SIGN_IDENTITY = "iPhone Developer";
				COPY_PHASE_STRIP = NO;
				DEBUG_INFORMATION_FORMAT = "dwarf-with-dsym";
				ENABLE_NS_ASSERTIONS = NO;
				ENABLE_STRICT_OBJC_MSGSEND = YES;
				GCC_C_LANGUAGE_STANDARD = gnu11;
				GCC_NO_COMMON_BLOCKS = YES;
				GCC_WARN_64_TO_32_BIT_CONVERSION = YES;
				GCC_WARN_ABOUT_RETURN_TYPE = YES_ERROR;
				GCC_WARN_UNDECLARED_SELECTOR = YES;
				GCC_WARN_UNINITIALIZED_AUTOS = YES_AGGRESSIVE;
				GCC_WARN_UNUSED_FUNCTION = YES;
				GCC_WARN_UNUSED_VARIABLE = YES;
				IPHONEOS_DEPLOYMENT_TARGET = 11.2;
				MTL_ENABLE_DEBUG_INFO = NO;
				SDKROOT = iphoneos;
				SWIFT_OPTIMIZATION_LEVEL = "-Owholemodule";
				VALIDATE_PRODUCT = YES;
			};
			name = Release;
		};
		E638226A205094390088E7E7 /* Debug */ = {
			isa = XCBuildConfiguration;
			buildSettings = {
				ASSETCATALOG_COMPILER_APPICON_NAME = AppIcon;
				CODE_SIGN_STYLE = Automatic;
				INFOPLIST_FILE = WorldTrotter/Info.plist;
				LD_RUNPATH_SEARCH_PATHS = "$(inherited) @executable_path/Frameworks";
				PRODUCT_BUNDLE_IDENTIFIER = LearningSwift.WorldTrotter;
				PRODUCT_NAME = "$(TARGET_NAME)";
				SWIFT_VERSION = 4.0;
				TARGETED_DEVICE_FAMILY = "1,2";
			};
			name = Debug;
		};
		E638226B205094390088E7E7 /* Release */ = {
			isa = XCBuildConfiguration;
			buildSettings = {
				ASSETCATALOG_COMPILER_APPICON_NAME = AppIcon;
				CODE_SIGN_STYLE = Automatic;
				INFOPLIST_FILE = WorldTrotter/Info.plist;
				LD_RUNPATH_SEARCH_PATHS = "$(inherited) @executable_path/Frameworks";
				PRODUCT_BUNDLE_IDENTIFIER = LearningSwift.WorldTrotter;
				PRODUCT_NAME = "$(TARGET_NAME)";
				SWIFT_VERSION = 4.0;
				TARGETED_DEVICE_FAMILY = "1,2";
			};
			name = Release;
		};
		E638226D205094390088E7E7 /* Debug */ = {
			isa = XCBuildConfiguration;
			buildSettings = {
				ALWAYS_EMBED_SWIFT_STANDARD_LIBRARIES = YES;
				BUNDLE_LOADER = "$(TEST_HOST)";
				CODE_SIGN_STYLE = Automatic;
				INFOPLIST_FILE = WorldTrotterTests/Info.plist;
				LD_RUNPATH_SEARCH_PATHS = "$(inherited) @executable_path/Frameworks @loader_path/Frameworks";
				PRODUCT_BUNDLE_IDENTIFIER = LearningSwift.WorldTrotterTests;
				PRODUCT_NAME = "$(TARGET_NAME)";
				SWIFT_VERSION = 4.0;
				TARGETED_DEVICE_FAMILY = "1,2";
				TEST_HOST = "$(BUILT_PRODUCTS_DIR)/WorldTrotter.app/WorldTrotter";
			};
			name = Debug;
		};
		E638226E205094390088E7E7 /* Release */ = {
			isa = XCBuildConfiguration;
			buildSettings = {
				ALWAYS_EMBED_SWIFT_STANDARD_LIBRARIES = YES;
				BUNDLE_LOADER = "$(TEST_HOST)";
				CODE_SIGN_STYLE = Automatic;
				INFOPLIST_FILE = WorldTrotterTests/Info.plist;
				LD_RUNPATH_SEARCH_PATHS = "$(inherited) @executable_path/Frameworks @loader_path/Frameworks";
				PRODUCT_BUNDLE_IDENTIFIER = LearningSwift.WorldTrotterTests;
				PRODUCT_NAME = "$(TARGET_NAME)";
				SWIFT_VERSION = 4.0;
				TARGETED_DEVICE_FAMILY = "1,2";
				TEST_HOST = "$(BUILT_PRODUCTS_DIR)/WorldTrotter.app/WorldTrotter";
			};
			name = Release;
		};
		E6382270205094390088E7E7 /* Debug */ = {
			isa = XCBuildConfiguration;
			buildSettings = {
				ALWAYS_EMBED_SWIFT_STANDARD_LIBRARIES = YES;
				CODE_SIGN_STYLE = Automatic;
				INFOPLIST_FILE = WorldTrotterUITests/Info.plist;
				LD_RUNPATH_SEARCH_PATHS = "$(inherited) @executable_path/Frameworks @loader_path/Frameworks";
				PRODUCT_BUNDLE_IDENTIFIER = LearningSwift.WorldTrotterUITests;
				PRODUCT_NAME = "$(TARGET_NAME)";
				SWIFT_VERSION = 4.0;
				TARGETED_DEVICE_FAMILY = "1,2";
				TEST_TARGET_NAME = WorldTrotter;
			};
			name = Debug;
		};
		E6382271205094390088E7E7 /* Release */ = {
			isa = XCBuildConfiguration;
			buildSettings = {
				ALWAYS_EMBED_SWIFT_STANDARD_LIBRARIES = YES;
				CODE_SIGN_STYLE = Automatic;
				INFOPLIST_FILE = WorldTrotterUITests/Info.plist;
				LD_RUNPATH_SEARCH_PATHS = "$(inherited) @executable_path/Frameworks @loader_path/Frameworks";
				PRODUCT_BUNDLE_IDENTIFIER = LearningSwift.WorldTrotterUITests;
				PRODUCT_NAME = "$(TARGET_NAME)";
				SWIFT_VERSION = 4.0;
				TARGETED_DEVICE_FAMILY = "1,2";
				TEST_TARGET_NAME = WorldTrotter;
			};
			name = Release;
		};
/* End XCBuildConfiguration section */

/* Begin XCConfigurationList section */
		E638223C205094390088E7E7 /* Build configuration list for PBXProject "WorldTrotter" */ = {
			isa = XCConfigurationList;
			buildConfigurations = (
				E6382267205094390088E7E7 /* Debug */,
				E6382268205094390088E7E7 /* Release */,
			);
			defaultConfigurationIsVisible = 0;
			defaultConfigurationName = Release;
		};
		E6382269205094390088E7E7 /* Build configuration list for PBXNativeTarget "WorldTrotter" */ = {
			isa = XCConfigurationList;
			buildConfigurations = (
				E638226A205094390088E7E7 /* Debug */,
				E638226B205094390088E7E7 /* Release */,
			);
			defaultConfigurationIsVisible = 0;
			defaultConfigurationName = Release;
		};
		E638226C205094390088E7E7 /* Build configuration list for PBXNativeTarget "WorldTrotterTests" */ = {
			isa = XCConfigurationList;
			buildConfigurations = (
				E638226D205094390088E7E7 /* Debug */,
				E638226E205094390088E7E7 /* Release */,
			);
			defaultConfigurationIsVisible = 0;
			defaultConfigurationName = Release;
		};
		E638226F205094390088E7E7 /* Build configuration list for PBXNativeTarget "WorldTrotterUITests" */ = {
			isa = XCConfigurationList;
			buildConfigurations = (
				E6382270205094390088E7E7 /* Debug */,
				E6382271205094390088E7E7 /* Release */,
			);
			defaultConfigurationIsVisible = 0;
			defaultConfigurationName = Release;
		};
/* End XCConfigurationList section */
	};
	rootObject = E6382239205094390088E7E7 /* Project object */;
}
